
Microsoft Visual Studio Solution File, Format Version 12.00
# Visual Studio Version 17
VisualStudioVersion = 17.13.35825.156 d17.13
MinimumVisualStudioVersion = 10.0.40219.1
Project("{FAE04EC0-301F-11D3-BF4B-00C04F79EFBC}") = "TDLembretes", "TDLembretes\TDLembretes.csproj", "{A7D8E7A0-B69A-4C25-A011-F4E3F6F625EE}"
EndProject
Global
	GlobalSection(SolutionConfigurationPlatforms) = preSolution
		Debug|Any CPU = Debug|Any CPU
		Release|Any CPU = Release|Any CPU
	EndGlobalSection
	GlobalSection(ProjectConfigurationPlatforms) = postSolution
		{A7D8E7A0-B69A-4C25-A011-F4E3F6F625EE}.Debug|Any CPU.ActiveCfg = Debug|Any CPU
		{A7D8E7A0-B69A-4C25-A011-F4E3F6F625EE}.Debug|Any CPU.Build.0 = Debug|Any CPU
		{A7D8E7A0-B69A-4C25-A011-F4E3F6F625EE}.Release|Any CPU.ActiveCfg = Release|Any CPU
		{A7D8E7A0-B69A-4C25-A011-F4E3F6F625EE}.Release|Any CPU.Build.0 = Release|Any CPU
	EndGlobalSection
	GlobalSection(SolutionProperties) = preSolution
		HideSolutionNode = FALSE
	EndGlobalSection
	GlobalSection(ExtensibilityGlobals) = postSolution
		SolutionGuid = {649E77EB-D325-4D3E-AEF9-26C571E2401D}
	EndGlobalSection
EndGlobal
